# This file was autogenerated by Stack.
# You should not edit this file by hand.
# For more information, please see the documentation at:
#   https://docs.haskellstack.org/en/stable/lock_files

packages:
- completed:
    hackage: hjsonschema-1.10.0@sha256:d8143c0fa792276ed5743b619447c5b7c3e7dbd73b356e74259232574b6cc394,5249
    pantry-tree:
      size: 5875
      sha256: 068d894a2cec71f9228367e341fde05dd99ba52da7cdc55f735a089928fab90f
  original:
    hackage: hjsonschema-1.10.0@sha256:d8143c0fa792276ed5743b619447c5b7c3e7dbd73b356e74259232574b6cc394,5249
- completed:
    hackage: hjsonpointer-1.3.0@sha256:26eea6a7c0414939cb239f653d293ff1a1f76b569e3dca6e0ecf950b54c5fb50,1591
    pantry-tree:
      size: 428
      sha256: 673b7ed33346636c1bdc00c5224da67f9fc33f5cc29f2c15608d9acd7c34b35c
  original:
    hackage: hjsonpointer-1.3.0@sha256:26eea6a7c0414939cb239f653d293ff1a1f76b569e3dca6e0ecf950b54c5fb50,1591
- completed:
    hackage: shorten-strings-0.1.0.1@sha256:77be3e24e5880e764ef37d0b901ebfacbeb2c958dae293dcb78e0e0f96ea8376,760
    pantry-tree:
      size: 213
      sha256: 07d51787370a5769a3548a8f57771352490d2efd205fd9e665d6f3d488045acc
  original:
    hackage: shorten-strings-0.1.0.1@sha256:77be3e24e5880e764ef37d0b901ebfacbeb2c958dae293dcb78e0e0f96ea8376,760
- completed:
    hackage: yeshql-4.2.0.0@sha256:fef368db1f310df58841cdd4ae1a415d3c62b2de9f202a83c807301244dcf3a2,953
    pantry-tree:
      size: 215
      sha256: d8b73337108ff8e905df3c160944b253b73af27d5513f2221796f9a3ec28e0f0
  original:
    hackage: yeshql-4.2.0.0@sha256:fef368db1f310df58841cdd4ae1a415d3c62b2de9f202a83c807301244dcf3a2,953
- completed:
    hackage: yeshql-core-4.2.0.0@sha256:c786f754ddd5936f36b42700b1bd965167befd306bc4f93df4f64074d58799d6,1619
    pantry-tree:
      size: 567
      sha256: ac3ba73b70be06205ac31d260c11d45496ddcf6a26f68c141f01e3de9db519da
  original:
    hackage: yeshql-core-4.2.0.0@sha256:c786f754ddd5936f36b42700b1bd965167befd306bc4f93df4f64074d58799d6,1619
- completed:
    hackage: yeshql-hdbc-4.1.1.2@sha256:c8296fa0eda19ab2c85eb8892e32250242199e04546bcea5c8d2882c1119a144,1727
    pantry-tree:
      size: 751
      sha256: 1d3ca57b09369bb9268d544fe4208006b41c18bd828427deca2b14ebd12d226c
  original:
    hackage: yeshql-hdbc-4.1.1.2@sha256:c8296fa0eda19ab2c85eb8892e32250242199e04546bcea5c8d2882c1119a144,1727
- completed:
    hackage: homotuple-0.1.1.0@sha256:2ab4f6c6573c56d65c2bb5867a770294ea0917eb0d17eb758d0c06177ed4b888,1781
    pantry-tree:
      size: 545
      sha256: 3e6bf4fb7c4556ea5624abf70640ad769b8ff037bd89cb99f5d02e95b97b5c1d
  original:
    hackage: homotuple-0.1.1.0@sha256:2ab4f6c6573c56d65c2bb5867a770294ea0917eb0d17eb758d0c06177ed4b888,1781
- completed:
    hackage: list-tuple-0.1.2.0@sha256:f2e4011a87124a3427024b5ceae6e2183556a4e17ceaeac902c7f5ee2aae47a5,2460
    pantry-tree:
      size: 843
      sha256: cd010e359d6182f7e70d314c660ec53049d199ccd4144964ac94f8d4923b530e
  original:
    hackage: list-tuple-0.1.2.0@sha256:f2e4011a87124a3427024b5ceae6e2183556a4e17ceaeac902c7f5ee2aae47a5,2460
- completed:
    hackage: single-tuple-0.1.1.0@sha256:8dde826850b01f6b7ac053645e97e52e905e6e98cfbfec115c822ab7eb7e6dc5,1938
    pantry-tree:
      size: 441
      sha256: 83d204053a79ac4620f4e411830b869766912a8dd1ade5f20bbce7e8de0f817c
  original:
    hackage: single-tuple-0.1.1.0@sha256:8dde826850b01f6b7ac053645e97e52e905e6e98cfbfec115c822ab7eb7e6dc5,1938
- completed:
    hackage: postgresql-placeholder-converter-0.1.0.0@sha256:cc5ae9483bd8c965fd7db8a3e8e406d75b446318abecfdce5f2330bf220b8a56,2340
    pantry-tree:
      size: 608
      sha256: 1a22ef9e412ed295f139f904f556f64317e43afcf2f66092ca8feed9bb2984c7
  original:
    hackage: postgresql-placeholder-converter-0.1.0.0@sha256:cc5ae9483bd8c965fd7db8a3e8e406d75b446318abecfdce5f2330bf220b8a56,2340
- completed:
    hackage: postgresql-pure-0.2.2.0@sha256:76e08777221e9eea2e37bcf202c382c9a9bda833bdd6ddfc19d4823d76aee8a0,12489
    pantry-tree:
      size: 3773
      sha256: 17225290a034ca5fc7279a30da52580355918069a58533173c8d7109da85e27a
  original:
    hackage: postgresql-pure-0.2.2.0
- completed:
    hackage: with-utf8-1.0.2.1@sha256:95c02fffa643ddbeb092359802a512007c3e644cd509809f4716ad54592c437b,3057
    pantry-tree:
      size: 1051
      sha256: deefc9cb555816e71476d7949a466a461011bcef109555f25f80fab1f9ee8bc0
  original:
    hackage: with-utf8-1.0.2.1@sha256:95c02fffa643ddbeb092359802a512007c3e644cd509809f4716ad54592c437b,3057
- completed:
    hackage: th-env-0.1.0.2@sha256:d8f1f37f42a8f1a22404d7d0579528af18f5dac7232cca6bdbd5117c115a0ad5,1370
    pantry-tree:
      size: 370
      sha256: 3be4decd90c8bed629f1cd161888b66b6091d79c158df1a496db50035a9573a3
  original:
    hackage: th-env-0.1.0.2@sha256:d8f1f37f42a8f1a22404d7d0579528af18f5dac7232cca6bdbd5117c115a0ad5,1370
- completed:
    hackage: strings-1.1@sha256:0285dec4c8ab262359342b3e5ef1eb567074669461b9b38404f1cb870c881c5c,1617
    pantry-tree:
      size: 212
      sha256: 876e5a679244143e2a7e74357427c7522a8d61f68a4cc3ae265fe4960b75a2e2
  original:
    hackage: strings-1.1@sha256:0285dec4c8ab262359342b3e5ef1eb567074669461b9b38404f1cb870c881c5c,1617
- completed:
    hackage: tasty-1.3.1@sha256:01e35c97f7ee5ccbc28f21debea02a38cd010d53b4c3087f5677c5d06617a507,2520
    pantry-tree:
      size: 1804
      sha256: 6150ec5094fe321150b1263bc751c1a85b22be766053fb4648115d8c02b2064b
  original:
    hackage: tasty-1.3.1
- completed:
    hackage: tasty-golden-2.3.4@sha256:1e3658c03d5c99f35c4c8fa0e06f8c6abb6b3c714da26fc159e87d4ddbe49f7e,2703
    pantry-tree:
      size: 1485
      sha256: a8da944ee34077134460b91ccb588cadd598d3750bf6649e485cbd3835509e8f
  original:
    hackage: tasty-golden-2.3.4
- completed:
    name: quickjs-hs
    version: '0.1'
    git: https://github.com/goodlyrottenapple/quickjs-hs.git
    pantry-tree:
      size: 4782
      sha256: 88276738a3c4379ad66db5d7ee032cf00c134e640ebd623e7cee8fd914592dcb
    commit: 9b64ce22acd9b938f5710af0a61cf7eebf1a28c8
  original:
    git: https://github.com/goodlyrottenapple/quickjs-hs.git
    commit: 9b64ce22acd9b938f5710af0a61cf7eebf1a28c8
snapshots:
- completed:
    size: 496111
    url: https://raw.githubusercontent.com/commercialhaskell/stackage-snapshots/master/lts/15/14.yaml
    sha256: c442d702d66b8c129b3473a32c609050aabf1dc2f8e8502402c143271a8fb141
  original: lts-15.14
